{
  "name": "workspace",
  "lockfileVersion": 3,
  "requires": true,
  "packages": {
    "": {
      "dependencies": {
        "setup-brew": "^1.0.0"
      },
      "devDependencies": {
        "typescript": "^5.6.0-dev.20240804"
      }
    },
    "node_modules/@actions/core": {
      "version": "1.11.0",
      "resolved": "https://registry.npmjs.org/@actions/core/-/core-1.11.0.tgz",
      "integrity": "sha512-I21jQUzEjbZolw3jFZ/0iHGCb+rePCww9MaA0SbVFae4FpBTQWP1GIvr/m5Y6GVaxrDz7p3RhBtpBzwkA3rPSA==",
      "dependencies": {
        "@actions/exec": "^1.1.1",
        "@actions/http-client": "^2.0.1"
      }
    },
    "node_modules/@actions/exec": {
      "version": "1.1.1",
      "resolved": "https://registry.npmjs.org/@actions/exec/-/exec-1.1.1.tgz",
      "integrity": "sha512-+sCcHHbVdk93a0XT19ECtO/gIXoxvdsgQLzb2fE2/5sIZmWQuluYyjPQtrtTHdU1YzTZ7bAPN4sITq2xi1679w==",
      "dependencies": {
        "@actions/io": "^1.0.1"
      }
    },
    "node_modules/@actions/http-client": {
      "version": "2.2.3",
      "resolved": "https://registry.npmjs.org/@actions/http-client/-/http-client-2.2.3.tgz",
      "integrity": "sha512-mx8hyJi/hjFvbPokCg4uRd4ZX78t+YyRPtnKWwIl+RzNaVuFpQHfmlGVfsKEJN8LwTCvL+DfVgAM04XaHkm6bA==",
      "dependencies": {
        "tunnel": "^0.0.6",
        "undici": "^5.25.4"
      }
    },
    "node_modules/@actions/io": {
      "version": "1.1.3",
      "resolved": "https://registry.npmjs.org/@actions/io/-/io-1.1.3.tgz",
      "integrity": "sha512-wi9JjgKLYS7U/z8PPbco+PvTb/nRWjeoFlJ1Qer83k/3C5PHQi28hiVdeE2kHXmIL99mQFawx8qt/JPjZilJ8Q=="
    },
    "node_modules/@fastify/busboy": {
      "version": "2.1.1",
      "resolved": "https://registry.npmjs.org/@fastify/busboy/-/busboy-2.1.1.tgz",
      "integrity": "sha512-vBZP4NlzfOlerQTnba4aqZoMhE/a9HY7HRqoOPaETQcSQuWEIyZMHGfVu6w9wGtGK5fED5qRs2DteVCjOH60sA==",
      "engines": {
        "node": ">=14"
      }
    },
    "node_modules/@types/node": {
      "version": "12.20.55",
      "resolved": "https://registry.npmjs.org/@types/node/-/node-12.20.55.tgz",
      "integrity": "sha512-J8xLz7q2OFulZ2cyGTLE1TbbZcjpno7FaN6zdJNrgAdrJ+DZzh/uFR6YrTb4C+nXakvud8Q4+rbhoIWlYQbUFQ=="
    },
    "node_modules/admina": {
      "version": "1.0.1",
      "resolved": "https://registry.npmjs.org/admina/-/admina-1.0.1.tgz",
      "integrity": "sha512-lLvUAj/X+Qh+zgtJibRvwBNPoGEdZqJRSeLKhKoZiZjBvdeCJwWrAR8GcVe8imRgHUKmBFkMTJKgJ397hncrWA==",
      "dependencies": {
        "execa": "^7",
        "which": "^4.0.0"
      },
      "engines": {
        "deno": ">=1",
        "node": ">=12.x"
      }
    },
    "node_modules/ci-info": {
      "version": "4.0.0",
      "resolved": "https://registry.npmjs.org/ci-info/-/ci-info-4.0.0.tgz",
      "integrity": "sha512-TdHqgGf9odd8SXNuxtUBVx8Nv+qZOejE6qyqiy5NtbYYQOeFa6zmHkxlPzmaLxWWHsU6nJmB7AETdVPi+2NBUg==",
      "funding": [
        {
          "type": "github",
          "url": "https://github.com/sponsors/sibiraj-s"
        }
      ],
      "engines": {
        "node": ">=8"
      }
    },
    "node_modules/ci-log": {
      "version": "1.0.1",
      "resolved": "https://registry.npmjs.org/ci-log/-/ci-log-1.0.1.tgz",
      "integrity": "sha512-rCz71XC8dMkEMrTVjzZqnikyvZjGab9+RuXG/jBVkFtcKbCFRO4Y6NdiXF/XDesCQksEo7RzwGaW0teOFQByvg==",
      "dependencies": {
        "@actions/core": "^1.10.1",
        "ci-info": "^4.0.0"
      }
    },
    "node_modules/cross-spawn": {
      "version": "7.0.3",
      "resolved": "https://registry.npmjs.org/cross-spawn/-/cross-spawn-7.0.3.tgz",
      "integrity": "sha512-iRDPJKUPVEND7dHPO8rkbOnPpyDygcDFtWjpeWNCgy8WP2rXcxXL8TskReQl6OrB2G7+UJrags1q15Fudc7G6w==",
      "dependencies": {
        "path-key": "^3.1.0",
        "shebang-command": "^2.0.0",
        "which": "^2.0.1"
      },
      "engines": {
        "node": ">= 8"
      }
    },
    "node_modules/cross-spawn/node_modules/isexe": {
      "version": "2.0.0",
      "resolved": "https://registry.npmjs.org/isexe/-/isexe-2.0.0.tgz",
      "integrity": "sha512-RHxMLp9lnKHGHRng9QFhRCMbYAcVpn69smSGcq3f36xjgVVWThj4qqLbTLlq7Ssj8B+fIQ1EuCEGI2lKsyQeIw=="
    },
    "node_modules/cross-spawn/node_modules/which": {
      "version": "2.0.2",
      "resolved": "https://registry.npmjs.org/which/-/which-2.0.2.tgz",
      "integrity": "sha512-BLI3Tl1TW3Pvl70l3yq3Y64i+awpwXqsGBYWkkqMtnbXgrMD+yj7rhW0kuEDxzJaYXGjEW5ogapKNMEKNMjibA==",
      "dependencies": {
        "isexe": "^2.0.0"
      },
      "bin": {
        "node-which": "bin/node-which"
      },
      "engines": {
        "node": ">= 8"
      }
    },
    "node_modules/envosman": {
      "version": "1.0.1",
      "resolved": "https://registry.npmjs.org/envosman/-/envosman-1.0.1.tgz",
      "integrity": "sha512-mX14NhzB5ZDrvCaqgnoCBmuPsSvvhyDldcCcuLtdSA+oh8aIt7haVazYuzqNEKfzfYsk97KbM9zr5T2zqlyxWw==",
      "dependencies": {
        "@actions/core": "^1.10.1",
        "@types/node": "^12",
        "admina": "^1.0.1",
        "ci-info": "^4.0.0",
        "ci-log": "1.0.1",
        "escape-path-with-spaces": "^1.0.2",
        "escape-quotes": "^1.0.2",
        "exec-powershell": "1.0.1",
        "micro-memoize": "^4.1.2",
        "path-exists": "^5.0.0",
        "untildify-user": "1.0.1"
      },
      "engines": {
        "node": ">=12"
      }
    },
    "node_modules/escape-path-with-spaces": {
      "version": "1.0.2",
      "resolved": "https://registry.npmjs.org/escape-path-with-spaces/-/escape-path-with-spaces-1.0.2.tgz",
      "integrity": "sha512-f8oXq+G3xfU/TsjnVPP+V94GPHyizOoqcgqAWWDPARFOnXdGgL61S2G9Ld/S+AMBlULfDKzz/6bnhlgfZ4vR4A=="
    },
    "node_modules/escape-quotes": {
      "version": "1.0.2",
      "resolved": "https://registry.npmjs.org/escape-quotes/-/escape-quotes-1.0.2.tgz",
      "integrity": "sha512-JpLFzklNReeakCpyj59s78P5F72q0ZUpDnp2BuIk9TtTjj2HMsgiWBChw17BlZT8dRhMtmSb1jE2+pTP1iFYyw==",
      "dependencies": {
        "escape-string-regexp": "^1.0.5"
      }
    },
    "node_modules/escape-string-regexp": {
      "version": "1.0.5",
      "resolved": "https://registry.npmjs.org/escape-string-regexp/-/escape-string-regexp-1.0.5.tgz",
      "integrity": "sha512-vbRorB5FUQWvla16U8R/qgaFIya2qGzwDrNmCZuYKrbdSUMG6I1ZCGQRefkRVhuOkIGVne7BQ35DSfo1qvJqFg==",
      "engines": {
        "node": ">=0.8.0"
      }
    },
    "node_modules/exec-powershell": {
      "version": "1.0.1",
      "resolved": "https://registry.npmjs.org/exec-powershell/-/exec-powershell-1.0.1.tgz",
      "integrity": "sha512-vfYboB7W65dFUOJVLfK0ODsmZzWLmNYNDwFbEzij2jiEJuM7BH4hYFyHM3BGr7lwCSt/0r7nciVForvkRZZZIg==",
      "dependencies": {
        "@types/node": "^14",
        "execa": "^7",
        "which": "^4.0.0"
      }
    },
    "node_modules/exec-powershell/node_modules/@types/node": {
      "version": "14.18.63",
      "resolved": "https://registry.npmjs.org/@types/node/-/node-14.18.63.tgz",
      "integrity": "sha512-fAtCfv4jJg+ExtXhvCkCqUKZ+4ok/JQk01qDKhL5BDDoS3AxKXhV5/MAVUZyQnSEd2GT92fkgZl0pz0Q0AzcIQ=="
    },
    "node_modules/execa": {
      "version": "7.2.0",
      "resolved": "https://registry.npmjs.org/execa/-/execa-7.2.0.tgz",
      "integrity": "sha512-UduyVP7TLB5IcAQl+OzLyLcS/l32W/GLg+AhHJ+ow40FOk2U3SAllPwR44v4vmdFwIWqpdwxxpQbF1n5ta9seA==",
      "dependencies": {
        "cross-spawn": "^7.0.3",
        "get-stream": "^6.0.1",
        "human-signals": "^4.3.0",
        "is-stream": "^3.0.0",
        "merge-stream": "^2.0.0",
        "npm-run-path": "^5.1.0",
        "onetime": "^6.0.0",
        "signal-exit": "^3.0.7",
        "strip-final-newline": "^3.0.0"
      },
      "engines": {
        "node": "^14.18.0 || ^16.14.0 || >=18.0.0"
      },
      "funding": {
        "url": "https://github.com/sindresorhus/execa?sponsor=1"
      }
    },
    "node_modules/get-stream": {
      "version": "6.0.1",
      "resolved": "https://registry.npmjs.org/get-stream/-/get-stream-6.0.1.tgz",
      "integrity": "sha512-ts6Wi+2j3jQjqi70w5AlN8DFnkSwC+MqmxEzdEALB2qXZYV3X/b1CTfgPLGJNMeAWxdPfU8FO1ms3NUfaHCPYg==",
      "engines": {
        "node": ">=10"
      },
      "funding": {
        "url": "https://github.com/sponsors/sindresorhus"
      }
    },
    "node_modules/human-signals": {
      "version": "4.3.1",
      "resolved": "https://registry.npmjs.org/human-signals/-/human-signals-4.3.1.tgz",
      "integrity": "sha512-nZXjEF2nbo7lIw3mgYjItAfgQXog3OjJogSbKa2CQIIvSGWcKgeJnQlNXip6NglNzYH45nSRiEVimMvYL8DDqQ==",
      "engines": {
        "node": ">=14.18.0"
      }
    },
    "node_modules/is-stream": {
      "version": "3.0.0",
      "resolved": "https://registry.npmjs.org/is-stream/-/is-stream-3.0.0.tgz",
      "integrity": "sha512-LnQR4bZ9IADDRSkvpqMGvt/tEJWclzklNgSw48V5EAaAeDd6qGvN8ei6k5p0tvxSR171VmGyHuTiAOfxAbr8kA==",
      "engines": {
        "node": "^12.20.0 || ^14.13.1 || >=16.0.0"
      },
      "funding": {
        "url": "https://github.com/sponsors/sindresorhus"
      }
    },
    "node_modules/isexe": {
      "version": "3.1.1",
      "resolved": "https://registry.npmjs.org/isexe/-/isexe-3.1.1.tgz",
      "integrity": "sha512-LpB/54B+/2J5hqQ7imZHfdU31OlgQqx7ZicVlkm9kzg9/w8GKLEcFfJl/t7DCEDueOyBAD6zCCwTO6Fzs0NoEQ==",
      "engines": {
        "node": ">=16"
      }
    },
    "node_modules/merge-stream": {
      "version": "2.0.0",
      "resolved": "https://registry.npmjs.org/merge-stream/-/merge-stream-2.0.0.tgz",
      "integrity": "sha512-abv/qOcuPfk3URPfDzmZU1LKmuw8kT+0nIHvKrKgFrwifol/doWcdA4ZqsWQ8ENrFKkd67Mfpo/LovbIUsbt3w=="
    },
    "node_modules/micro-memoize": {
      "version": "4.1.2",
      "resolved": "https://registry.npmjs.org/micro-memoize/-/micro-memoize-4.1.2.tgz",
      "integrity": "sha512-+HzcV2H+rbSJzApgkj0NdTakkC+bnyeiUxgT6/m7mjcz1CmM22KYFKp+EVj1sWe4UYcnriJr5uqHQD/gMHLD+g=="
    },
    "node_modules/mimic-fn": {
      "version": "4.0.0",
      "resolved": "https://registry.npmjs.org/mimic-fn/-/mimic-fn-4.0.0.tgz",
      "integrity": "sha512-vqiC06CuhBTUdZH+RYl8sFrL096vA45Ok5ISO6sE/Mr1jRbGH4Csnhi8f3wKVl7x8mO4Au7Ir9D3Oyv1VYMFJw==",
      "engines": {
        "node": ">=12"
      },
      "funding": {
        "url": "https://github.com/sponsors/sindresorhus"
      }
    },
    "node_modules/node-downloader-helper": {
      "version": "2.1.9",
      "resolved": "https://registry.npmjs.org/node-downloader-helper/-/node-downloader-helper-2.1.9.tgz",
      "integrity": "sha512-FSvAol2Z8UP191sZtsUZwHIN0eGoGue3uEXGdWIH5228e9KH1YHXT7fN8Oa33UGf+FbqGTQg3sJfrRGzmVCaJA==",
      "bin": {
        "ndh": "bin/ndh"
      },
      "engines": {
        "node": ">=14.18"
      }
    },
    "node_modules/npm-run-path": {
      "version": "5.3.0",
      "resolved": "https://registry.npmjs.org/npm-run-path/-/npm-run-path-5.3.0.tgz",
      "integrity": "sha512-ppwTtiJZq0O/ai0z7yfudtBpWIoxM8yE6nHi1X47eFR2EWORqfbu6CnPlNsjeN683eT0qG6H/Pyf9fCcvjnnnQ==",
      "dependencies": {
        "path-key": "^4.0.0"
      },
      "engines": {
        "node": "^12.20.0 || ^14.13.1 || >=16.0.0"
      },
      "funding": {
        "url": "https://github.com/sponsors/sindresorhus"
      }
    },
    "node_modules/npm-run-path/node_modules/path-key": {
      "version": "4.0.0",
      "resolved": "https://registry.npmjs.org/path-key/-/path-key-4.0.0.tgz",
      "integrity": "sha512-haREypq7xkM7ErfgIyA0z+Bj4AGKlMSdlQE2jvJo6huWD1EdkKYV+G/T4nq0YEF2vgTT8kqMFKo1uHn950r4SQ==",
      "engines": {
        "node": ">=12"
      },
      "funding": {
        "url": "https://github.com/sponsors/sindresorhus"
      }
    },
    "node_modules/onetime": {
      "version": "6.0.0",
      "resolved": "https://registry.npmjs.org/onetime/-/onetime-6.0.0.tgz",
      "integrity": "sha512-1FlR+gjXK7X+AsAHso35MnyN5KqGwJRi/31ft6x0M194ht7S+rWAvd7PHss9xSKMzE0asv1pyIHaJYq+BbacAQ==",
      "dependencies": {
        "mimic-fn": "^4.0.0"
      },
      "engines": {
        "node": ">=12"
      },
      "funding": {
        "url": "https://github.com/sponsors/sindresorhus"
      }
    },
    "node_modules/path-exists": {
      "version": "5.0.0",
      "resolved": "https://registry.npmjs.org/path-exists/-/path-exists-5.0.0.tgz",
      "integrity": "sha512-RjhtfwJOxzcFmNOi6ltcbcu4Iu+FL3zEj83dk4kAS+fVpTxXLO1b38RvJgT/0QwvV/L3aY9TAnyv0EOqW4GoMQ==",
      "engines": {
        "node": "^12.20.0 || ^14.13.1 || >=16.0.0"
      }
    },
    "node_modules/path-key": {
      "version": "3.1.1",
      "resolved": "https://registry.npmjs.org/path-key/-/path-key-3.1.1.tgz",
      "integrity": "sha512-ojmeN0qd+y0jszEtoY48r0Peq5dwMEkIlCOu6Q5f41lfkswXuKtYrhgoTpLnyIcHm24Uhqx+5Tqm2InSwLhE6Q==",
      "engines": {
        "node": ">=8"
      }
    },
    "node_modules/setup-apt": {
      "version": "1.0.1",
      "resolved": "https://registry.npmjs.org/setup-apt/-/setup-apt-1.0.1.tgz",
      "integrity": "sha512-r5Zf/Gn/sLUvSDYdG9cOxpo0hxDPU7CziMB5bDoBLa/bNCyZ5RgxO3PQZXXCT8WKhSMlLUIUnNdr3ij0LXr7BQ==",
      "dependencies": {
        "@types/node": "^12",
        "admina": "^1.0.1",
        "ci-info": "^4.0.0",
        "ci-log": "1.0.1",
        "envosman": "1.0.1",
        "escape-string-regexp": "^5.0.0",
        "execa": "^7.2.0",
        "node-downloader-helper": "2.1.9",
        "path-exists": "^5.0.0",
        "which": "4.0.0"
      },
      "engines": {
        "node": ">=12"
      }
    },
    "node_modules/setup-apt/node_modules/escape-string-regexp": {
      "version": "5.0.0",
      "resolved": "https://registry.npmjs.org/escape-string-regexp/-/escape-string-regexp-5.0.0.tgz",
      "integrity": "sha512-/veY75JbMK4j1yjvuUxuVsiS/hr/4iHs9FTT6cgTexxdE0Ly/glccBAkloH/DofkjRbZU3bnoj38mOmhkZ0lHw==",
      "engines": {
        "node": ">=12"
      },
      "funding": {
        "url": "https://github.com/sponsors/sindresorhus"
      }
    },
    "node_modules/setup-brew": {
      "version": "1.0.0",
      "resolved": "https://registry.npmjs.org/setup-brew/-/setup-brew-1.0.0.tgz",
      "integrity": "sha512-WKhkQJaSQ5Y69glEtJK3okOa1XAgWTHwackscSdAnp7TIOiYiowIeWe+7GwYginMT7fNc7Ym8jl1V6fUby9mwA==",
      "dependencies": {
        "@types/node": "^12",
        "ci-log": "1.0.1",
        "envosman": "1.0.1",
        "execa": "^7.2.0",
        "node-downloader-helper": "2.1.9",
        "setup-apt": "1.0.1",
        "which": "4.0.0"
      },
      "engines": {
        "node": ">=12"
      }
    },
    "node_modules/shebang-command": {
      "version": "2.0.0",
      "resolved": "https://registry.npmjs.org/shebang-command/-/shebang-command-2.0.0.tgz",
      "integrity": "sha512-kHxr2zZpYtdmrN1qDjrrX/Z1rR1kG8Dx+gkpK1G4eXmvXswmcE1hTWBWYUzlraYw1/yZp6YuDY77YtvbN0dmDA==",
      "dependencies": {
        "shebang-regex": "^3.0.0"
      },
      "engines": {
        "node": ">=8"
      }
    },
    "node_modules/shebang-regex": {
      "version": "3.0.0",
      "resolved": "https://registry.npmjs.org/shebang-regex/-/shebang-regex-3.0.0.tgz",
      "integrity": "sha512-7++dFhtcx3353uBaq8DDR4NuxBetBzC7ZQOhmTQInHEd6bSrXdiEyzCvG07Z44UYdLShWUyXt5M/yhz8ekcb1A==",
      "engines": {
        "node": ">=8"
      }
    },
    "node_modules/signal-exit": {
      "version": "3.0.7",
      "resolved": "https://registry.npmjs.org/signal-exit/-/signal-exit-3.0.7.tgz",
      "integrity": "sha512-wnD2ZE+l+SPC/uoS0vXeE9L1+0wuaMqKlfz9AMUo38JsyLSBWSFcHR1Rri62LZc12vLr1gb3jl7iwQhgwpAbGQ=="
    },
    "node_modules/strip-final-newline": {
      "version": "3.0.0",
      "resolved": "https://registry.npmjs.org/strip-final-newline/-/strip-final-newline-3.0.0.tgz",
      "integrity": "sha512-dOESqjYr96iWYylGObzd39EuNTa5VJxyvVAEm5Jnh7KGo75V43Hk1odPQkNDyXNmUR6k+gEiDVXnjB8HJ3crXw==",
      "engines": {
        "node": ">=12"
      },
      "funding": {
        "url": "https://github.com/sponsors/sindresorhus"
      }
    },
    "node_modules/tunnel": {
      "version": "0.0.6",
      "resolved": "https://registry.npmjs.org/tunnel/-/tunnel-0.0.6.tgz",
      "integrity": "sha512-1h/Lnq9yajKY2PEbBadPXj3VxsDDu844OnaAo52UVmIzIvwwtBPIuNvkjuzBlTWpfJyUbG3ez0KSBibQkj4ojg==",
      "engines": {
        "node": ">=0.6.11 <=0.7.0 || >=0.7.3"
      }
    },
    "node_modules/typescript": {
      "version": "5.6.0-dev.20240804",
      "resolved": "https://registry.npmjs.org/typescript/-/typescript-5.6.0-dev.20240804.tgz",
      "integrity": "sha512-ceiGncJ10hB9IgD3BxGc5e9Ug+4a/JVQKZFQR+ctQGzktWKH/vUZZNwg+PadUipPk/EH4WLFUc7infEUCNOtLQ==",
      "dev": true,
      "license": "Apache-2.0",
      "bin": {
        "tsc": "bin/tsc",
        "tsserver": "bin/tsserver"
      },
      "engines": {
        "node": ">=14.17"
      }
    },
    "node_modules/undici": {
      "version": "5.28.4",
      "resolved": "https://registry.npmjs.org/undici/-/undici-5.28.4.tgz",
      "integrity": "sha512-72RFADWFqKmUb2hmmvNODKL3p9hcB6Gt2DOQMis1SEBaV6a4MH8soBvzg+95CYhCKPFedut2JY9bMfrDl9D23g==",
      "dependencies": {
        "@fastify/busboy": "^2.0.0"
      },
      "engines": {
        "node": ">=14.0"
      }
    },
    "node_modules/untildify-user": {
      "version": "1.0.1",
      "resolved": "https://registry.npmjs.org/untildify-user/-/untildify-user-1.0.1.tgz",
      "integrity": "sha512-bJedBf/1fpDoA6pBMbJ+0V0AuZo8XwqO9YYcwZSNRfEbWFf3xm30O1EceX+QZKwQd7g7bPmO5M5hiknTe5Crtg==",
      "dependencies": {
        "admina": "1.0.1"
      }
    },
    "node_modules/which": {
      "version": "4.0.0",
      "resolved": "https://registry.npmjs.org/which/-/which-4.0.0.tgz",
      "integrity": "sha512-GlaYyEb07DPxYCKhKzplCWBJtvxZcZMrL+4UkrTSJHHPyZU4mYYTv3qaOe77H7EODLSSopAUFAc6W8U4yqvscg==",
      "dependencies": {
        "isexe": "^3.1.1"
      },
      "bin": {
        "node-which": "bin/which.js"
      },
      "engines": {
        "node": "^16.13.0 || >=18.0.0"
      }
    }
  }
}
