{
  "name": "workspace",
  "lockfileVersion": 3,
  "requires": true,
  "packages": {
    "": {
      "devDependencies": {
        "typescript": "^5.6.0-dev.20240804"
      }
    },
    "node_modules/typescript": {
      "version": "5.6.0-dev.20240804",
      "resolved": "https://registry.npmjs.org/typescript/-/typescript-5.6.0-dev.20240804.tgz",
      "integrity": "sha512-ceiGncJ10hB9IgD3BxGc5e9Ug+4a/JVQKZFQR+ctQGzktWKH/vUZZNwg+PadUipPk/EH4WLFUc7infEUCNOtLQ==",
      "dev": true,
      "license": "Apache-2.0",
      "bin": {
        "tsc": "bin/tsc",
        "tsserver": "bin/tsserver"
      },
      "engines": {
        "node": ">=14.17"
      }
    }
  }
}
