version = 1
requires-python = ">=3.13"

[[package]]
name = "autofix-website"
version = "0.0.0"
source = { virtual = "." }
dependencies = [
    { name = "jinja2" },
    { name = "pygments" },
]

[package.dev-dependencies]
dev = [
    { name = "ruff" },
]

[package.metadata]
requires-dist = [
    { name = "jinja2", specifier = ">=3.1.4" },
    { name = "pygments", specifier = ">=2.18.0" },
]

[package.metadata.requires-dev]
dev = [{ name = "ruff", specifier = ">=0.6.9" }]

[[package]]
name = "jinja2"
version = "3.1.4"
source = { registry = "https://pypi.org/simple" }
dependencies = [
    { name = "markupsafe" },
]
sdist = { url = "https://files.pythonhosted.org/packages/ed/55/39036716d19cab0747a5020fc7e907f362fbf48c984b14e62127f7e68e5d/jinja2-3.1.4.tar.gz", hash = "sha256:4a3aee7acbbe7303aede8e9648d13b8bf88a429282aa6122a993f0ac800cb369", size = 240245 }
wheels = [
    { url = "https://files.pythonhosted.org/packages/31/80/3a54838c3fb461f6fec263ebf3a3a41771bd05190238de3486aae8540c36/jinja2-3.1.4-py3-none-any.whl", hash = "sha256:bc5dd2abb727a5319567b7a813e6a2e7318c39f4f487cfe6c89c6f9c7d25197d", size = 133271 },
]

[[package]]
name = "markupsafe"
version = "3.0.1"
source = { registry = "https://pypi.org/simple" }
sdist = { url = "https://files.pythonhosted.org/packages/b4/d2/38ff920762f2247c3af5cbbbbc40756f575d9692d381d7c520f45deb9b8f/markupsafe-3.0.1.tar.gz", hash = "sha256:3e683ee4f5d0fa2dde4db77ed8dd8a876686e3fc417655c2ece9a90576905344", size = 20249 }
wheels = [
    { url = "https://files.pythonhosted.org/packages/b1/60/4572a8aa1beccbc24b133aa0670781a5d2697f4fa3fecf0a87b46383174b/MarkupSafe-3.0.1-cp313-cp313-macosx_10_13_universal2.whl", hash = "sha256:e81c52638315ff4ac1b533d427f50bc0afc746deb949210bc85f05d4f15fd772", size = 14325 },
    { url = "https://files.pythonhosted.org/packages/38/42/849915b99a765ec104bfd07ee933de5fc9c58fa9570efa7db81717f495d8/MarkupSafe-3.0.1-cp313-cp313-macosx_11_0_arm64.whl", hash = "sha256:312387403cd40699ab91d50735ea7a507b788091c416dd007eac54434aee51da", size = 12373 },
    { url = "https://files.pythonhosted.org/packages/ef/82/4caaebd963c6d60b28e4445f38841d24f8b49bc10594a09956c9d73bfc08/MarkupSafe-3.0.1-cp313-cp313-manylinux_2_17_aarch64.manylinux2014_aarch64.whl", hash = "sha256:2ae99f31f47d849758a687102afdd05bd3d3ff7dbab0a8f1587981b58a76152a", size = 24059 },
    { url = "https://files.pythonhosted.org/packages/20/15/6b319be2f79fcfa3173f479d69f4e950b5c9b642db4f22cf73ae5ade745f/MarkupSafe-3.0.1-cp313-cp313-manylinux_2_17_x86_64.manylinux2014_x86_64.whl", hash = "sha256:c97ff7fedf56d86bae92fa0a646ce1a0ec7509a7578e1ed238731ba13aabcd1c", size = 23211 },
    { url = "https://files.pythonhosted.org/packages/9d/3f/8963bdf4962feb2154475acb7dc350f04217b5e0be7763a39b432291e229/MarkupSafe-3.0.1-cp313-cp313-manylinux_2_5_i686.manylinux1_i686.manylinux_2_17_i686.manylinux2014_i686.whl", hash = "sha256:a7420ceda262dbb4b8d839a4ec63d61c261e4e77677ed7c66c99f4e7cb5030dd", size = 23095 },
    { url = "https://files.pythonhosted.org/packages/af/93/f770bc70953d32de0c6ce4bcb76271512123a1ead91aaef625a020c5bfaf/MarkupSafe-3.0.1-cp313-cp313-musllinux_1_2_aarch64.whl", hash = "sha256:45d42d132cff577c92bfba536aefcfea7e26efb975bd455db4e6602f5c9f45e7", size = 23901 },
    { url = "https://files.pythonhosted.org/packages/11/92/1e5a33aa0a1190161238628fb68eb1bc5e67b56a5c89f0636328704b463a/MarkupSafe-3.0.1-cp313-cp313-musllinux_1_2_i686.whl", hash = "sha256:4c8817557d0de9349109acb38b9dd570b03cc5014e8aabf1cbddc6e81005becd", size = 23463 },
    { url = "https://files.pythonhosted.org/packages/0d/fe/657efdfe385d2a3a701f2c4fcc9577c63c438aeefdd642d0d956c4ecd225/MarkupSafe-3.0.1-cp313-cp313-musllinux_1_2_x86_64.whl", hash = "sha256:6a54c43d3ec4cf2a39f4387ad044221c66a376e58c0d0e971d47c475ba79c6b5", size = 23569 },
    { url = "https://files.pythonhosted.org/packages/cf/24/587dea40304046ace60f846cedaebc0d33d967a3ce46c11395a10e7a78ba/MarkupSafe-3.0.1-cp313-cp313-win32.whl", hash = "sha256:c91b394f7601438ff79a4b93d16be92f216adb57d813a78be4446fe0f6bc2d8c", size = 15117 },
    { url = "https://files.pythonhosted.org/packages/32/8f/d8961d633f26a011b4fe054f3bfff52f673423b8c431553268741dfb089e/MarkupSafe-3.0.1-cp313-cp313-win_amd64.whl", hash = "sha256:fe32482b37b4b00c7a52a07211b479653b7fe4f22b2e481b9a9b099d8a430f2f", size = 15613 },
    { url = "https://files.pythonhosted.org/packages/9e/93/d6367ffbcd0c5c371370767f768eaa32af60bc411245b8517e383c6a2b12/MarkupSafe-3.0.1-cp313-cp313t-macosx_10_13_universal2.whl", hash = "sha256:17b2aea42a7280db02ac644db1d634ad47dcc96faf38ab304fe26ba2680d359a", size = 14563 },
    { url = "https://files.pythonhosted.org/packages/4a/37/f813c3835747dec08fe19ac9b9eced01fdf93a4b3e626521675dc7f423a9/MarkupSafe-3.0.1-cp313-cp313t-macosx_11_0_arm64.whl", hash = "sha256:852dc840f6d7c985603e60b5deaae1d89c56cb038b577f6b5b8c808c97580f1d", size = 12505 },
    { url = "https://files.pythonhosted.org/packages/72/bf/800b4d1580298ca91ccd6c95915bbd147142dad1b8cf91d57b93b28670dd/MarkupSafe-3.0.1-cp313-cp313t-manylinux_2_17_aarch64.manylinux2014_aarch64.whl", hash = "sha256:0778de17cff1acaeccc3ff30cd99a3fd5c50fc58ad3d6c0e0c4c58092b859396", size = 25358 },
    { url = "https://files.pythonhosted.org/packages/fd/78/26e209abc8f0a379f031f0acc151231974e5b153d7eda5759d17d8f329f2/MarkupSafe-3.0.1-cp313-cp313t-manylinux_2_17_x86_64.manylinux2014_x86_64.whl", hash = "sha256:800100d45176652ded796134277ecb13640c1a537cad3b8b53da45aa96330453", size = 23797 },
    { url = "https://files.pythonhosted.org/packages/09/e1/918496a9390891756efee818880e71c1bbaf587f4dc8ede3f3852357310a/MarkupSafe-3.0.1-cp313-cp313t-manylinux_2_5_i686.manylinux1_i686.manylinux_2_17_i686.manylinux2014_i686.whl", hash = "sha256:d06b24c686a34c86c8c1fba923181eae6b10565e4d80bdd7bc1c8e2f11247aa4", size = 23743 },
    { url = "https://files.pythonhosted.org/packages/cd/c6/26f576cd58d6c2decd9045e4e3f3c5dbc01ea6cb710916e7bbb6ebd95b6b/MarkupSafe-3.0.1-cp313-cp313t-musllinux_1_2_aarch64.whl", hash = "sha256:33d1c36b90e570ba7785dacd1faaf091203d9942bc036118fab8110a401eb1a8", size = 25076 },
    { url = "https://files.pythonhosted.org/packages/b5/fa/10b24fb3b0e15fe5389dc88ecc6226ede08297e0ba7130610efbe0cdfb27/MarkupSafe-3.0.1-cp313-cp313t-musllinux_1_2_i686.whl", hash = "sha256:beeebf760a9c1f4c07ef6a53465e8cfa776ea6a2021eda0d0417ec41043fe984", size = 24037 },
    { url = "https://files.pythonhosted.org/packages/c8/81/4b3f5537d9f6cc4f5c80d6c4b78af9a5247fd37b5aba95807b2cbc336b9a/MarkupSafe-3.0.1-cp313-cp313t-musllinux_1_2_x86_64.whl", hash = "sha256:bbde71a705f8e9e4c3e9e33db69341d040c827c7afa6789b14c6e16776074f5a", size = 24015 },
    { url = "https://files.pythonhosted.org/packages/5f/07/8e8dcecd53216c5e01a51e84c32a2bce166690ed19c184774b38cd41921d/MarkupSafe-3.0.1-cp313-cp313t-win32.whl", hash = "sha256:82b5dba6eb1bcc29cc305a18a3c5365d2af06ee71b123216416f7e20d2a84e5b", size = 15213 },
    { url = "https://files.pythonhosted.org/packages/0d/87/4c364e0f109eea2402079abecbe33fef4f347b551a11423d1f4e187ea497/MarkupSafe-3.0.1-cp313-cp313t-win_amd64.whl", hash = "sha256:730d86af59e0e43ce277bb83970530dd223bf7f2a838e086b50affa6ec5f9295", size = 15741 },
]

[[package]]
name = "pygments"
version = "2.18.0"
source = { registry = "https://pypi.org/simple" }
sdist = { url = "https://files.pythonhosted.org/packages/8e/62/8336eff65bcbc8e4cb5d05b55faf041285951b6e80f33e2bff2024788f31/pygments-2.18.0.tar.gz", hash = "sha256:786ff802f32e91311bff3889f6e9a86e81505fe99f2735bb6d60ae0c5004f199", size = 4891905 }
wheels = [
    { url = "https://files.pythonhosted.org/packages/f7/3f/01c8b82017c199075f8f788d0d906b9ffbbc5a47dc9918a945e13d5a2bda/pygments-2.18.0-py3-none-any.whl", hash = "sha256:b8e6aca0523f3ab76fee51799c488e38782ac06eafcf95e7ba832985c8e7b13a", size = 1205513 },
]

[[package]]
name = "ruff"
version = "0.6.9"
source = { registry = "https://pypi.org/simple" }
sdist = { url = "https://files.pythonhosted.org/packages/26/0d/6148a48dab5662ca1d5a93b7c0d13c03abd3cc7e2f35db08410e47cef15d/ruff-0.6.9.tar.gz", hash = "sha256:b076ef717a8e5bc819514ee1d602bbdca5b4420ae13a9cf61a0c0a4f53a2baa2", size = 3095355 }
wheels = [
    { url = "https://files.pythonhosted.org/packages/6e/8f/f7a0a0ef1818662efb32ed6df16078c95da7a0a3248d64c2410c1e27799f/ruff-0.6.9-py3-none-linux_armv6l.whl", hash = "sha256:064df58d84ccc0ac0fcd63bc3090b251d90e2a372558c0f057c3f75ed73e1ccd", size = 10440526 },
    { url = "https://files.pythonhosted.org/packages/8b/69/b179a5faf936a9e2ab45bb412a668e4661eded964ccfa19d533f29463ef6/ruff-0.6.9-py3-none-macosx_10_12_x86_64.whl", hash = "sha256:140d4b5c9f5fc7a7b074908a78ab8d384dd7f6510402267bc76c37195c02a7ec", size = 10034612 },
    { url = "https://files.pythonhosted.org/packages/c7/ef/fd1b4be979c579d191eeac37b5cfc0ec906de72c8bcd8595e2c81bb700c1/ruff-0.6.9-py3-none-macosx_11_0_arm64.whl", hash = "sha256:53fd8ca5e82bdee8da7f506d7b03a261f24cd43d090ea9db9a1dc59d9313914c", size = 9706197 },
    { url = "https://files.pythonhosted.org/packages/29/61/b376d775deb5851cb48d893c568b511a6d3625ef2c129ad5698b64fb523c/ruff-0.6.9-py3-none-manylinux_2_17_aarch64.manylinux2014_aarch64.whl", hash = "sha256:645d7d8761f915e48a00d4ecc3686969761df69fb561dd914a773c1a8266e14e", size = 10751855 },
    { url = "https://files.pythonhosted.org/packages/13/d7/def9e5f446d75b9a9c19b24231a3a658c075d79163b08582e56fa5dcfa38/ruff-0.6.9-py3-none-manylinux_2_17_armv7l.manylinux2014_armv7l.whl", hash = "sha256:eae02b700763e3847595b9d2891488989cac00214da7f845f4bcf2989007d577", size = 10200889 },
    { url = "https://files.pythonhosted.org/packages/6c/d6/7f34160818bcb6e84ce293a5966cba368d9112ff0289b273fbb689046047/ruff-0.6.9-py3-none-manylinux_2_17_i686.manylinux2014_i686.whl", hash = "sha256:7d5ccc9e58112441de8ad4b29dcb7a86dc25c5f770e3c06a9d57e0e5eba48829", size = 11038678 },
    { url = "https://files.pythonhosted.org/packages/13/34/a40ff8ae62fb1b26fb8e6fa7e64bc0e0a834b47317880de22edd6bfb54fb/ruff-0.6.9-py3-none-manylinux_2_17_ppc64.manylinux2014_ppc64.whl", hash = "sha256:417b81aa1c9b60b2f8edc463c58363075412866ae4e2b9ab0f690dc1e87ac1b5", size = 11808682 },
    { url = "https://files.pythonhosted.org/packages/2e/6d/25a4386ae4009fc798bd10ba48c942d1b0b3e459b5403028f1214b6dd161/ruff-0.6.9-py3-none-manylinux_2_17_ppc64le.manylinux2014_ppc64le.whl", hash = "sha256:3c866b631f5fbce896a74a6e4383407ba7507b815ccc52bcedabb6810fdb3ef7", size = 11330446 },
    { url = "https://files.pythonhosted.org/packages/f7/f6/bdf891a9200d692c94ebcd06ae5a2fa5894e522f2c66c2a12dd5d8cb2654/ruff-0.6.9-py3-none-manylinux_2_17_s390x.manylinux2014_s390x.whl", hash = "sha256:7b118afbb3202f5911486ad52da86d1d52305b59e7ef2031cea3425142b97d6f", size = 12483048 },
    { url = "https://files.pythonhosted.org/packages/a7/86/96f4252f41840e325b3fa6c48297e661abb9f564bd7dcc0572398c8daa42/ruff-0.6.9-py3-none-manylinux_2_17_x86_64.manylinux2014_x86_64.whl", hash = "sha256:a67267654edc23c97335586774790cde402fb6bbdb3c2314f1fc087dee320bfa", size = 10936855 },
    { url = "https://files.pythonhosted.org/packages/45/87/801a52d26c8dbf73424238e9908b9ceac430d903c8ef35eab1b44fcfa2bd/ruff-0.6.9-py3-none-musllinux_1_2_aarch64.whl", hash = "sha256:3ef0cc774b00fec123f635ce5c547dac263f6ee9fb9cc83437c5904183b55ceb", size = 10713007 },
    { url = "https://files.pythonhosted.org/packages/be/27/6f7161d90320a389695e32b6ebdbfbedde28ccbf52451e4b723d7ce744ad/ruff-0.6.9-py3-none-musllinux_1_2_armv7l.whl", hash = "sha256:12edd2af0c60fa61ff31cefb90aef4288ac4d372b4962c2864aeea3a1a2460c0", size = 10274594 },
    { url = "https://files.pythonhosted.org/packages/00/52/dc311775e7b5f5b19831563cb1572ecce63e62681bccc609867711fae317/ruff-0.6.9-py3-none-musllinux_1_2_i686.whl", hash = "sha256:55bb01caeaf3a60b2b2bba07308a02fca6ab56233302406ed5245180a05c5625", size = 10608024 },
    { url = "https://files.pythonhosted.org/packages/98/b6/be0a1ddcbac65a30c985cf7224c4fce786ba2c51e7efeb5178fe410ed3cf/ruff-0.6.9-py3-none-musllinux_1_2_x86_64.whl", hash = "sha256:925d26471fa24b0ce5a6cdfab1bb526fb4159952385f386bdcc643813d472039", size = 10982085 },
    { url = "https://files.pythonhosted.org/packages/bb/a4/c84bc13d0b573cf7bb7d17b16d6d29f84267c92d79b2f478d4ce322e8e72/ruff-0.6.9-py3-none-win32.whl", hash = "sha256:eb61ec9bdb2506cffd492e05ac40e5bc6284873aceb605503d8494180d6fc84d", size = 8522088 },
    { url = "https://files.pythonhosted.org/packages/74/be/fc352bd8ca40daae8740b54c1c3e905a7efe470d420a268cd62150248c91/ruff-0.6.9-py3-none-win_amd64.whl", hash = "sha256:785d31851c1ae91f45b3d8fe23b8ae4b5170089021fbb42402d811135f0b7117", size = 9359275 },
    { url = "https://files.pythonhosted.org/packages/3e/14/fd026bc74ded05e2351681545a5f626e78ef831f8edce064d61acd2e6ec7/ruff-0.6.9-py3-none-win_arm64.whl", hash = "sha256:a9641e31476d601f83cd602608739a0840e348bda93fec9f1ee816f8b6798b93", size = 8679879 },
]
